// !$*UTF8*$!
{
	archiveVersion = 1;
	classes = {
	};
	objectVersion = 50;
	objects = {

/* Begin PBXBuildFile section */
		341B851426F5A78100AAF8B5 /* CreateAccountRequest.swift in Sources */ = {isa = PBXBuildFile; fileRef = 341B851326F5A78100AAF8B5 /* CreateAccountRequest.swift */; };
		341B851626F5A85500AAF8B5 /* CreateAccountResponse.swift in Sources */ = {isa = PBXBuildFile; fileRef = 341B851526F5A85500AAF8B5 /* CreateAccountResponse.swift */; };
		341B851826F5AA2B00AAF8B5 /* AddAccountViewModel.swift in Sources */ = {isa = PBXBuildFile; fileRef = 341B851726F5AA2B00AAF8B5 /* AddAccountViewModel.swift */; };
		3428025A26F15BBC00126C8A /* Double+Extensions.swift in Sources */ = {isa = PBXBuildFile; fileRef = 3428025926F15BBC00126C8A /* Double+Extensions.swift */; };
		3428025C26F15BC900126C8A /* URL+Extensions.swift in Sources */ = {isa = PBXBuildFile; fileRef = 3428025B26F15BC900126C8A /* URL+Extensions.swift */; };
		3428025E26F15BD400126C8A /* View+Extensions.swift in Sources */ = {isa = PBXBuildFile; fileRef = 3428025D26F15BD400126C8A /* View+Extensions.swift */; };
		3428026026F15C4400126C8A /* Account.swift in Sources */ = {isa = PBXBuildFile; fileRef = 3428025F26F15C4400126C8A /* Account.swift */; };
		3428026226F15D3700126C8A /* AccountService.swift in Sources */ = {isa = PBXBuildFile; fileRef = 3428026126F15D3700126C8A /* AccountService.swift */; };
		3428026426F163D600126C8A /* AccountSummaryViewModel.swift in Sources */ = {isa = PBXBuildFile; fileRef = 3428026326F163D600126C8A /* AccountSummaryViewModel.swift */; };
		3428026626F1690300126C8A /* AccountSummaryScreen.swift in Sources */ = {isa = PBXBuildFile; fileRef = 3428026526F1690300126C8A /* AccountSummaryScreen.swift */; };
		3428026826F16D1200126C8A /* AccountListView.swift in Sources */ = {isa = PBXBuildFile; fileRef = 3428026726F16D1200126C8A /* AccountListView.swift */; };
		34A8E8D626F6B40D00217CEB /* AddAccountScreen.swift in Sources */ = {isa = PBXBuildFile; fileRef = 34A8E8D526F6B40D00217CEB /* AddAccountScreen.swift */; };
		34A8E8D826F7F83E00217CEB /* TransferFoundRequest.swift in Sources */ = {isa = PBXBuildFile; fileRef = 34A8E8D726F7F83E00217CEB /* TransferFoundRequest.swift */; };
		34A8E8DA26F7F92600217CEB /* TransferFoundResponse.swift in Sources */ = {isa = PBXBuildFile; fileRef = 34A8E8D926F7F92600217CEB /* TransferFoundResponse.swift */; };
		34A8E8DC26F7FD0000217CEB /* TransferFoundsViewModel.swift in Sources */ = {isa = PBXBuildFile; fileRef = 34A8E8DB26F7FD0000217CEB /* TransferFoundsViewModel.swift */; };
		34CD84E726F056C500F979A3 /* AppDelegate.swift in Sources */ = {isa = PBXBuildFile; fileRef = 34CD84E626F056C500F979A3 /* AppDelegate.swift */; };
		34CD84E926F056C500F979A3 /* SceneDelegate.swift in Sources */ = {isa = PBXBuildFile; fileRef = 34CD84E826F056C500F979A3 /* SceneDelegate.swift */; };
		34CD84EB26F056C500F979A3 /* ContentView.swift in Sources */ = {isa = PBXBuildFile; fileRef = 34CD84EA26F056C500F979A3 /* ContentView.swift */; };
		34CD84ED26F056C600F979A3 /* Assets.xcassets in Resources */ = {isa = PBXBuildFile; fileRef = 34CD84EC26F056C600F979A3 /* Assets.xcassets */; };
		34CD84F026F056C600F979A3 /* Preview Assets.xcassets in Resources */ = {isa = PBXBuildFile; fileRef = 34CD84EF26F056C600F979A3 /* Preview Assets.xcassets */; };
		34CD84F326F056C600F979A3 /* LaunchScreen.storyboard in Resources */ = {isa = PBXBuildFile; fileRef = 34CD84F126F056C600F979A3 /* LaunchScreen.storyboard */; };
/* End PBXBuildFile section */

/* Begin PBXFileReference section */
		341B851326F5A78100AAF8B5 /* CreateAccountRequest.swift */ = {isa = PBXFileReference; lastKnownFileType = sourcecode.swift; path = CreateAccountRequest.swift; sourceTree = "<group>"; };
		341B851526F5A85500AAF8B5 /* CreateAccountResponse.swift */ = {isa = PBXFileReference; lastKnownFileType = sourcecode.swift; path = CreateAccountResponse.swift; sourceTree = "<group>"; };
		341B851726F5AA2B00AAF8B5 /* AddAccountViewModel.swift */ = {isa = PBXFileReference; lastKnownFileType = sourcecode.swift; path = AddAccountViewModel.swift; sourceTree = "<group>"; };
		3428025926F15BBC00126C8A /* Double+Extensions.swift */ = {isa = PBXFileReference; lastKnownFileType = sourcecode.swift; path = "Double+Extensions.swift"; sourceTree = "<group>"; };
		3428025B26F15BC900126C8A /* URL+Extensions.swift */ = {isa = PBXFileReference; lastKnownFileType = sourcecode.swift; path = "URL+Extensions.swift"; sourceTree = "<group>"; };
		3428025D26F15BD400126C8A /* View+Extensions.swift */ = {isa = PBXFileReference; lastKnownFileType = sourcecode.swift; path = "View+Extensions.swift"; sourceTree = "<group>"; };
		3428025F26F15C4400126C8A /* Account.swift */ = {isa = PBXFileReference; lastKnownFileType = sourcecode.swift; path = Account.swift; sourceTree = "<group>"; };
		3428026126F15D3700126C8A /* AccountService.swift */ = {isa = PBXFileReference; lastKnownFileType = sourcecode.swift; path = AccountService.swift; sourceTree = "<group>"; };
		3428026326F163D600126C8A /* AccountSummaryViewModel.swift */ = {isa = PBXFileReference; lastKnownFileType = sourcecode.swift; path = AccountSummaryViewModel.swift; sourceTree = "<group>"; };
		3428026526F1690300126C8A /* AccountSummaryScreen.swift */ = {isa = PBXFileReference; lastKnownFileType = sourcecode.swift; path = AccountSummaryScreen.swift; sourceTree = "<group>"; };
		3428026726F16D1200126C8A /* AccountListView.swift */ = {isa = PBXFileReference; lastKnownFileType = sourcecode.swift; path = AccountListView.swift; sourceTree = "<group>"; };
		34A8E8D526F6B40D00217CEB /* AddAccountScreen.swift */ = {isa = PBXFileReference; lastKnownFileType = sourcecode.swift; name = AddAccountScreen.swift; path = "TransferSUI/Preview Content/AddAccountScreen.swift"; sourceTree = SOURCE_ROOT; };
		34A8E8D726F7F83E00217CEB /* TransferFoundRequest.swift */ = {isa = PBXFileReference; lastKnownFileType = sourcecode.swift; path = TransferFoundRequest.swift; sourceTree = "<group>"; };
		34A8E8D926F7F92600217CEB /* TransferFoundResponse.swift */ = {isa = PBXFileReference; lastKnownFileType = sourcecode.swift; path = TransferFoundResponse.swift; sourceTree = "<group>"; };
		34A8E8DB26F7FD0000217CEB /* TransferFoundsViewModel.swift */ = {isa = PBXFileReference; lastKnownFileType = sourcecode.swift; path = TransferFoundsViewModel.swift; sourceTree = "<group>"; };
		34CD84E326F056C500F979A3 /* TransferSUI.app */ = {isa = PBXFileReference; explicitFileType = wrapper.application; includeInIndex = 0; path = TransferSUI.app; sourceTree = BUILT_PRODUCTS_DIR; };
		34CD84E626F056C500F979A3 /* AppDelegate.swift */ = {isa = PBXFileReference; lastKnownFileType = sourcecode.swift; path = AppDelegate.swift; sourceTree = "<group>"; };
		34CD84E826F056C500F979A3 /* SceneDelegate.swift */ = {isa = PBXFileReference; lastKnownFileType = sourcecode.swift; path = SceneDelegate.swift; sourceTree = "<group>"; };
		34CD84EA26F056C500F979A3 /* ContentView.swift */ = {isa = PBXFileReference; lastKnownFileType = sourcecode.swift; path = ContentView.swift; sourceTree = "<group>"; };
		34CD84EC26F056C600F979A3 /* Assets.xcassets */ = {isa = PBXFileReference; lastKnownFileType = folder.assetcatalog; path = Assets.xcassets; sourceTree = "<group>"; };
		34CD84EF26F056C600F979A3 /* Preview Assets.xcassets */ = {isa = PBXFileReference; lastKnownFileType = folder.assetcatalog; path = "Preview Assets.xcassets"; sourceTree = "<group>"; };
		34CD84F226F056C600F979A3 /* Base */ = {isa = PBXFileReference; lastKnownFileType = file.storyboard; name = Base; path = Base.lproj/LaunchScreen.storyboard; sourceTree = "<group>"; };
		34CD84F426F056C600F979A3 /* Info.plist */ = {isa = PBXFileReference; lastKnownFileType = text.plist.xml; path = Info.plist; sourceTree = "<group>"; };
/* End PBXFileReference section */

/* Begin PBXFrameworksBuildPhase section */
		34CD84E026F056C500F979A3 /* Frameworks */ = {
			isa = PBXFrameworksBuildPhase;
			buildActionMask = 2147483647;
			files = (
			);
			runOnlyForDeploymentPostprocessing = 0;
		};
/* End PBXFrameworksBuildPhase section */

/* Begin PBXGroup section */
		3428025326F15B6800126C8A /* Extensions */ = {
			isa = PBXGroup;
			children = (
				3428025926F15BBC00126C8A /* Double+Extensions.swift */,
				3428025B26F15BC900126C8A /* URL+Extensions.swift */,
				3428025D26F15BD400126C8A /* View+Extensions.swift */,
			);
			path = Extensions;
			sourceTree = "<group>";
		};
		3428025426F15B7C00126C8A /* Models */ = {
			isa = PBXGroup;
			children = (
				3428025F26F15C4400126C8A /* Account.swift */,
				341B851326F5A78100AAF8B5 /* CreateAccountRequest.swift */,
				341B851526F5A85500AAF8B5 /* CreateAccountResponse.swift */,
				34A8E8D726F7F83E00217CEB /* TransferFoundRequest.swift */,
				34A8E8D926F7F92600217CEB /* TransferFoundResponse.swift */,
			);
			path = Models;
			sourceTree = "<group>";
		};
		3428025526F15B8200126C8A /* Screens */ = {
			isa = PBXGroup;
			children = (
				3428026526F1690300126C8A /* AccountSummaryScreen.swift */,
				34A8E8D526F6B40D00217CEB /* AddAccountScreen.swift */,
			);
			path = Screens;
			sourceTree = "<group>";
		};
		3428025626F15B8A00126C8A /* Views */ = {
			isa = PBXGroup;
			children = (
				3428026726F16D1200126C8A /* AccountListView.swift */,
			);
			path = Views;
			sourceTree = "<group>";
		};
		3428025726F15B9600126C8A /* Services */ = {
			isa = PBXGroup;
			children = (
				3428026126F15D3700126C8A /* AccountService.swift */,
			);
			path = Services;
			sourceTree = "<group>";
		};
		3428025826F15B9F00126C8A /* ViewModels */ = {
			isa = PBXGroup;
			children = (
				3428026326F163D600126C8A /* AccountSummaryViewModel.swift */,
				341B851726F5AA2B00AAF8B5 /* AddAccountViewModel.swift */,
				34A8E8DB26F7FD0000217CEB /* TransferFoundsViewModel.swift */,
			);
			path = ViewModels;
			sourceTree = "<group>";
		};
		34CD84DA26F056C500F979A3 = {
			isa = PBXGroup;
			children = (
				34CD84E626F056C500F979A3 /* AppDelegate.swift */,
				34CD84E526F056C500F979A3 /* TransferSUI */,
				34CD84E426F056C500F979A3 /* Products */,
			);
			sourceTree = "<group>";
		};
		34CD84E426F056C500F979A3 /* Products */ = {
			isa = PBXGroup;
			children = (
				34CD84E326F056C500F979A3 /* TransferSUI.app */,
			);
			name = Products;
			sourceTree = "<group>";
		};
		34CD84E526F056C500F979A3 /* TransferSUI */ = {
			isa = PBXGroup;
			children = (
				3428025826F15B9F00126C8A /* ViewModels */,
				3428025726F15B9600126C8A /* Services */,
				3428025626F15B8A00126C8A /* Views */,
				3428025526F15B8200126C8A /* Screens */,
				3428025426F15B7C00126C8A /* Models */,
				3428025326F15B6800126C8A /* Extensions */,
				34CD84E826F056C500F979A3 /* SceneDelegate.swift */,
				34CD84EA26F056C500F979A3 /* ContentView.swift */,
				34CD84EC26F056C600F979A3 /* Assets.xcassets */,
				34CD84F126F056C600F979A3 /* LaunchScreen.storyboard */,
				34CD84F426F056C600F979A3 /* Info.plist */,
				34CD84EE26F056C600F979A3 /* Preview Content */,
			);
			path = TransferSUI;
			sourceTree = "<group>";
		};
		34CD84EE26F056C600F979A3 /* Preview Content */ = {
			isa = PBXGroup;
			children = (
				34CD84EF26F056C600F979A3 /* Preview Assets.xcassets */,
			);
			path = "Preview Content";
			sourceTree = "<group>";
		};
/* End PBXGroup section */

/* Begin PBXNativeTarget section */
		34CD84E226F056C500F979A3 /* TransferSUI */ = {
			isa = PBXNativeTarget;
			buildConfigurationList = 34CD84F726F056C600F979A3 /* Build configuration list for PBXNativeTarget "TransferSUI" */;
			buildPhases = (
				34CD84DF26F056C500F979A3 /* Sources */,
				34CD84E026F056C500F979A3 /* Frameworks */,
				34CD84E126F056C500F979A3 /* Resources */,
			);
			buildRules = (
			);
			dependencies = (
			);
			name = TransferSUI;
			productName = TransferSUI;
			productReference = 34CD84E326F056C500F979A3 /* TransferSUI.app */;
			productType = "com.apple.product-type.application";
		};
/* End PBXNativeTarget section */

/* Begin PBXProject section */
		34CD84DB26F056C500F979A3 /* Project object */ = {
			isa = PBXProject;
			attributes = {
				LastSwiftUpdateCheck = 1250;
				LastUpgradeCheck = 1250;
				TargetAttributes = {
					34CD84E226F056C500F979A3 = {
						CreatedOnToolsVersion = 12.5.1;
					};
				};
			};
			buildConfigurationList = 34CD84DE26F056C500F979A3 /* Build configuration list for PBXProject "TransferSUI" */;
			compatibilityVersion = "Xcode 9.3";
			developmentRegion = en;
			hasScannedForEncodings = 0;
			knownRegions = (
				en,
				Base,
			);
			mainGroup = 34CD84DA26F056C500F979A3;
			productRefGroup = 34CD84E426F056C500F979A3 /* Products */;
			projectDirPath = "";
			projectRoot = "";
			targets = (
				34CD84E226F056C500F979A3 /* TransferSUI */,
			);
		};
/* End PBXProject section */

/* Begin PBXResourcesBuildPhase section */
		34CD84E126F056C500F979A3 /* Resources */ = {
			isa = PBXResourcesBuildPhase;
			buildActionMask = 2147483647;
			files = (
				34CD84F326F056C600F979A3 /* LaunchScreen.storyboard in Resources */,
				34CD84F026F056C600F979A3 /* Preview Assets.xcassets in Resources */,
				34CD84ED26F056C600F979A3 /* Assets.xcassets in Resources */,
			);
			runOnlyForDeploymentPostprocessing = 0;
		};
/* End PBXResourcesBuildPhase section */

/* Begin PBXSourcesBuildPhase section */
		34CD84DF26F056C500F979A3 /* Sources */ = {
			isa = PBXSourcesBuildPhase;
			buildActionMask = 2147483647;
			files = (
				341B851626F5A85500AAF8B5 /* CreateAccountResponse.swift in Sources */,
				34A8E8D626F6B40D00217CEB /* AddAccountScreen.swift in Sources */,
				34A8E8DC26F7FD0000217CEB /* TransferFoundsViewModel.swift in Sources */,
				34A8E8DA26F7F92600217CEB /* TransferFoundResponse.swift in Sources */,
				3428026826F16D1200126C8A /* AccountListView.swift in Sources */,
				34A8E8D826F7F83E00217CEB /* TransferFoundRequest.swift in Sources */,
				3428025A26F15BBC00126C8A /* Double+Extensions.swift in Sources */,
				34CD84E726F056C500F979A3 /* AppDelegate.swift in Sources */,
				3428026626F1690300126C8A /* AccountSummaryScreen.swift in Sources */,
				3428025C26F15BC900126C8A /* URL+Extensions.swift in Sources */,
				34CD84E926F056C500F979A3 /* SceneDelegate.swift in Sources */,
				3428025E26F15BD400126C8A /* View+Extensions.swift in Sources */,
				3428026426F163D600126C8A /* AccountSummaryViewModel.swift in Sources */,
				3428026226F15D3700126C8A /* AccountService.swift in Sources */,
				34CD84EB26F056C500F979A3 /* ContentView.swift in Sources */,
				3428026026F15C4400126C8A /* Account.swift in Sources */,
				341B851826F5AA2B00AAF8B5 /* AddAccountViewModel.swift in Sources */,
				341B851426F5A78100AAF8B5 /* CreateAccountRequest.swift in Sources */,
			);
			runOnlyForDeploymentPostprocessing = 0;
		};
/* End PBXSourcesBuildPhase section */

/* Begin PBXVariantGroup section */
		34CD84F126F056C600F979A3 /* LaunchScreen.storyboard */ = {
			isa = PBXVariantGroup;
			children = (
				34CD84F226F056C600F979A3 /* Base */,
			);
			name = LaunchScreen.storyboard;
			sourceTree = "<group>";
		};
/* End PBXVariantGroup section */

/* Begin XCBuildConfiguration section */
		34CD84F526F056C600F979A3 /* Debug */ = {
			isa = XCBuildConfiguration;
			buildSettings = {
				ALWAYS_SEARCH_USER_PATHS = NO;
				CLANG_ANALYZER_NONNULL = YES;
				CLANG_ANALYZER_NUMBER_OBJECT_CONVERSION = YES_AGGRESSIVE;
				CLANG_CXX_LANGUAGE_STANDARD = "gnu++14";
				CLANG_CXX_LIBRARY = "libc++";
				CLANG_ENABLE_MODULES = YES;
				CLANG_ENABLE_OBJC_ARC = YES;
				CLANG_ENABLE_OBJC_WEAK = YES;
				CLANG_WARN_BLOCK_CAPTURE_AUTORELEASING = YES;
				CLANG_WARN_BOOL_CONVERSION = YES;
				CLANG_WARN_COMMA = YES;
				CLANG_WARN_CONSTANT_CONVERSION = YES;
				CLANG_WARN_DEPRECATED_OBJC_IMPLEMENTATIONS = YES;
				CLANG_WARN_DIRECT_OBJC_ISA_USAGE = YES_ERROR;
				CLANG_WARN_DOCUMENTATION_COMMENTS = YES;
				CLANG_WARN_EMPTY_BODY = YES;
				CLANG_WARN_ENUM_CONVERSION = YES;
				CLANG_WARN_INFINITE_RECURSION = YES;
				CLANG_WARN_INT_CONVERSION = YES;
				CLANG_WARN_NON_LITERAL_NULL_CONVERSION = YES;
				CLANG_WARN_OBJC_IMPLICIT_RETAIN_SELF = YES;
				CLANG_WARN_OBJC_LITERAL_CONVERSION = YES;
				CLANG_WARN_OBJC_ROOT_CLASS = YES_ERROR;
				CLANG_WARN_QUOTED_INCLUDE_IN_FRAMEWORK_HEADER = YES;
				CLANG_WARN_RANGE_LOOP_ANALYSIS = YES;
				CLANG_WARN_STRICT_PROTOTYPES = YES;
				CLANG_WARN_SUSPICIOUS_MOVE = YES;
				CLANG_WARN_UNGUARDED_AVAILABILITY = YES_AGGRESSIVE;
				CLANG_WARN_UNREACHABLE_CODE = YES;
				CLANG_WARN__DUPLICATE_METHOD_MATCH = YES;
				COPY_PHASE_STRIP = NO;
				DEBUG_INFORMATION_FORMAT = dwarf;
				ENABLE_STRICT_OBJC_MSGSEND = YES;
				ENABLE_TESTABILITY = YES;
				GCC_C_LANGUAGE_STANDARD = gnu11;
				GCC_DYNAMIC_NO_PIC = NO;
				GCC_NO_COMMON_BLOCKS = YES;
				GCC_OPTIMIZATION_LEVEL = 0;
				GCC_PREPROCESSOR_DEFINITIONS = (
					"DEBUG=1",
					"$(inherited)",
				);
				GCC_WARN_64_TO_32_BIT_CONVERSION = YES;
				GCC_WARN_ABOUT_RETURN_TYPE = YES_ERROR;
				GCC_WARN_UNDECLARED_SELECTOR = YES;
				GCC_WARN_UNINITIALIZED_AUTOS = YES_AGGRESSIVE;
				GCC_WARN_UNUSED_FUNCTION = YES;
				GCC_WARN_UNUSED_VARIABLE = YES;
				IPHONEOS_DEPLOYMENT_TARGET = 14.5;
				MTL_ENABLE_DEBUG_INFO = INCLUDE_SOURCE;
				MTL_FAST_MATH = YES;
				ONLY_ACTIVE_ARCH = YES;
				SDKROOT = iphoneos;
				SWIFT_ACTIVE_COMPILATION_CONDITIONS = DEBUG;
				SWIFT_OPTIMIZATION_LEVEL = "-Onone";
			};
			name = Debug;
		};
		34CD84F626F056C600F979A3 /* Release */ = {
			isa = XCBuildConfiguration;
			buildSettings = {
				ALWAYS_SEARCH_USER_PATHS = NO;
				CLANG_ANALYZER_NONNULL = YES;
				CLANG_ANALYZER_NUMBER_OBJECT_CONVERSION = YES_AGGRESSIVE;
				CLANG_CXX_LANGUAGE_STANDARD = "gnu++14";
				CLANG_CXX_LIBRARY = "libc++";
				CLANG_ENABLE_MODULES = YES;
				CLANG_ENABLE_OBJC_ARC = YES;
				CLANG_ENABLE_OBJC_WEAK = YES;
				CLANG_WARN_BLOCK_CAPTURE_AUTORELEASING = YES;
				CLANG_WARN_BOOL_CONVERSION = YES;
				CLANG_WARN_COMMA = YES;
				CLANG_WARN_CONSTANT_CONVERSION = YES;
				CLANG_WARN_DEPRECATED_OBJC_IMPLEMENTATIONS = YES;
				CLANG_WARN_DIRECT_OBJC_ISA_USAGE = YES_ERROR;
				CLANG_WARN_DOCUMENTATION_COMMENTS = YES;
				CLANG_WARN_EMPTY_BODY = YES;
				CLANG_WARN_ENUM_CONVERSION = YES;
				CLANG_WARN_INFINITE_RECURSION = YES;
				CLANG_WARN_INT_CONVERSION = YES;
				CLANG_WARN_NON_LITERAL_NULL_CONVERSION = YES;
				CLANG_WARN_OBJC_IMPLICIT_RETAIN_SELF = YES;
				CLANG_WARN_OBJC_LITERAL_CONVERSION = YES;
				CLANG_WARN_OBJC_ROOT_CLASS = YES_ERROR;
				CLANG_WARN_QUOTED_INCLUDE_IN_FRAMEWORK_HEADER = YES;
				CLANG_WARN_RANGE_LOOP_ANALYSIS = YES;
				CLANG_WARN_STRICT_PROTOTYPES = YES;
				CLANG_WARN_SUSPICIOUS_MOVE = YES;
				CLANG_WARN_UNGUARDED_AVAILABILITY = YES_AGGRESSIVE;
				CLANG_WARN_UNREACHABLE_CODE = YES;
				CLANG_WARN__DUPLICATE_METHOD_MATCH = YES;
				COPY_PHASE_STRIP = NO;
				DEBUG_INFORMATION_FORMAT = "dwarf-with-dsym";
				ENABLE_NS_ASSERTIONS = NO;
				ENABLE_STRICT_OBJC_MSGSEND = YES;
				GCC_C_LANGUAGE_STANDARD = gnu11;
				GCC_NO_COMMON_BLOCKS = YES;
				GCC_WARN_64_TO_32_BIT_CONVERSION = YES;
				GCC_WARN_ABOUT_RETURN_TYPE = YES_ERROR;
				GCC_WARN_UNDECLARED_SELECTOR = YES;
				GCC_WARN_UNINITIALIZED_AUTOS = YES_AGGRESSIVE;
				GCC_WARN_UNUSED_FUNCTION = YES;
				GCC_WARN_UNUSED_VARIABLE = YES;
				IPHONEOS_DEPLOYMENT_TARGET = 14.5;
				MTL_ENABLE_DEBUG_INFO = NO;
				MTL_FAST_MATH = YES;
				SDKROOT = iphoneos;
				SWIFT_COMPILATION_MODE = wholemodule;
				SWIFT_OPTIMIZATION_LEVEL = "-O";
				VALIDATE_PRODUCT = YES;
			};
			name = Release;
		};
		34CD84F826F056C600F979A3 /* Debug */ = {
			isa = XCBuildConfiguration;
			buildSettings = {
				ASSETCATALOG_COMPILER_APPICON_NAME = AppIcon;
				ASSETCATALOG_COMPILER_GLOBAL_ACCENT_COLOR_NAME = AccentColor;
				CODE_SIGN_STYLE = Automatic;
				DEVELOPMENT_ASSET_PATHS = "\"TransferSUI/Preview Content\"";
				DEVELOPMENT_TEAM = GRPJUHAC73;
				ENABLE_PREVIEWS = YES;
				INFOPLIST_FILE = TransferSUI/Info.plist;
				LD_RUNPATH_SEARCH_PATHS = (
					"$(inherited)",
					"@executable_path/Frameworks",
				);
				PRODUCT_BUNDLE_IDENTIFIER = com.chiokTransferSUI.TransferSUI;
				PRODUCT_NAME = "$(TARGET_NAME)";
				SWIFT_VERSION = 5.0;
				TARGETED_DEVICE_FAMILY = "1,2";
			};
			name = Debug;
		};
		34CD84F926F056C600F979A3 /* Release */ = {
			isa = XCBuildConfiguration;
			buildSettings = {
				ASSETCATALOG_COMPILER_APPICON_NAME = AppIcon;
				ASSETCATALOG_COMPILER_GLOBAL_ACCENT_COLOR_NAME = AccentColor;
				CODE_SIGN_STYLE = Automatic;
				DEVELOPMENT_ASSET_PATHS = "\"TransferSUI/Preview Content\"";
				DEVELOPMENT_TEAM = GRPJUHAC73;
				ENABLE_PREVIEWS = YES;
				INFOPLIST_FILE = TransferSUI/Info.plist;
				LD_RUNPATH_SEARCH_PATHS = (
					"$(inherited)",
					"@executable_path/Frameworks",
				);
				PRODUCT_BUNDLE_IDENTIFIER = com.chiokTransferSUI.TransferSUI;
				PRODUCT_NAME = "$(TARGET_NAME)";
				SWIFT_VERSION = 5.0;
				TARGETED_DEVICE_FAMILY = "1,2";
			};
			name = Release;
		};
/* End XCBuildConfiguration section */

/* Begin XCConfigurationList section */
		34CD84DE26F056C500F979A3 /* Build configuration list for PBXProject "TransferSUI" */ = {
			isa = XCConfigurationList;
			buildConfigurations = (
				34CD84F526F056C600F979A3 /* Debug */,
				34CD84F626F056C600F979A3 /* Release */,
			);
			defaultConfigurationIsVisible = 0;
			defaultConfigurationName = Release;
		};
		34CD84F726F056C600F979A3 /* Build configuration list for PBXNativeTarget "TransferSUI" */ = {
			isa = XCConfigurationList;
			buildConfigurations = (
				34CD84F826F056C600F979A3 /* Debug */,
				34CD84F926F056C600F979A3 /* Release */,
			);
			defaultConfigurationIsVisible = 0;
			defaultConfigurationName = Release;
		};
/* End XCConfigurationList section */
	};
	rootObject = 34CD84DB26F056C500F979A3 /* Project object */;
}
